// !$*UTF8*$!
{
	archiveVersion = 1;
	classes = {
	};
	objectVersion = 50;
	objects = {

/* Begin PBXBuildFile section */
		57518EF0FCCBB81B298FB91F /* Pods_App_Store_Mockup.framework in Frameworks */ = {isa = PBXBuildFile; fileRef = 5DB673478750B272C259C22F /* Pods_App_Store_Mockup.framework */; };
		9613FF7D222BD8C400E9E748 /* SearchResult.swift in Sources */ = {isa = PBXBuildFile; fileRef = 9613FF7C222BD8C400E9E748 /* SearchResult.swift */; };
		9613FF80222C8B8D00E9E748 /* Service.swift in Sources */ = {isa = PBXBuildFile; fileRef = 9613FF7F222C8B8D00E9E748 /* Service.swift */; };
		96258FCD222E2B97002951FE /* SocialApp.swift in Sources */ = {isa = PBXBuildFile; fileRef = 96258FCC222E2B97002951FE /* SocialApp.swift */; };
		96258FCF222E39DE002951FE /* HorizontalSnappingController.swift in Sources */ = {isa = PBXBuildFile; fileRef = 96258FCE222E39DE002951FE /* HorizontalSnappingController.swift */; };
		96258FD1222E3D2E002951FE /* BetterSnappingLayout.swift in Sources */ = {isa = PBXBuildFile; fileRef = 96258FD0222E3D2E002951FE /* BetterSnappingLayout.swift */; };
		962A884E222B9439002599B6 /* AppDelegate.swift in Sources */ = {isa = PBXBuildFile; fileRef = 962A884D222B9439002599B6 /* AppDelegate.swift */; };
		962A8850222B9439002599B6 /* ViewController.swift in Sources */ = {isa = PBXBuildFile; fileRef = 962A884F222B9439002599B6 /* ViewController.swift */; };
		962A8853222B9439002599B6 /* Main.storyboard in Resources */ = {isa = PBXBuildFile; fileRef = 962A8851222B9439002599B6 /* Main.storyboard */; };
		962A8855222B943A002599B6 /* Assets.xcassets in Resources */ = {isa = PBXBuildFile; fileRef = 962A8854222B943A002599B6 /* Assets.xcassets */; };
		962A8858222B943A002599B6 /* LaunchScreen.storyboard in Resources */ = {isa = PBXBuildFile; fileRef = 962A8856222B943A002599B6 /* LaunchScreen.storyboard */; };
		962A8860222B950D002599B6 /* BaseTabBarController.swift in Sources */ = {isa = PBXBuildFile; fileRef = 962A885F222B950D002599B6 /* BaseTabBarController.swift */; };
		962A8863222B9DA2002599B6 /* AppsSearchController.swift in Sources */ = {isa = PBXBuildFile; fileRef = 962A8862222B9DA2002599B6 /* AppsSearchController.swift */; };
		962A8866222BA0B5002599B6 /* SearchResultCell.swift in Sources */ = {isa = PBXBuildFile; fileRef = 962A8865222BA0B5002599B6 /* SearchResultCell.swift */; };
		962A8869222BB2AE002599B6 /* UIView+Layout.swift in Sources */ = {isa = PBXBuildFile; fileRef = 962A8868222BB2AE002599B6 /* UIView+Layout.swift */; };
		962A886B222BB709002599B6 /* VerticalStackView.swift in Sources */ = {isa = PBXBuildFile; fileRef = 962A886A222BB709002599B6 /* VerticalStackView.swift */; };
		9665FC27222DAFE7003EE586 /* AppsPageController.swift in Sources */ = {isa = PBXBuildFile; fileRef = 9665FC26222DAFE7003EE586 /* AppsPageController.swift */; };
		9665FC29222DB0D1003EE586 /* BaseListController.swift in Sources */ = {isa = PBXBuildFile; fileRef = 9665FC28222DB0D1003EE586 /* BaseListController.swift */; };
		9665FC2E222DB286003EE586 /* AppsGroupCell.swift in Sources */ = {isa = PBXBuildFile; fileRef = 9665FC2D222DB286003EE586 /* AppsGroupCell.swift */; };
		9665FC30222DB4A9003EE586 /* AppsHorizontalController.swift in Sources */ = {isa = PBXBuildFile; fileRef = 9665FC2F222DB4A9003EE586 /* AppsHorizontalController.swift */; };
		9665FC32222DBD43003EE586 /* AppRowCell.swift in Sources */ = {isa = PBXBuildFile; fileRef = 9665FC31222DBD43003EE586 /* AppRowCell.swift */; };
		9665FC34222DBE5F003EE586 /* Extensions.swift in Sources */ = {isa = PBXBuildFile; fileRef = 9665FC33222DBE5F003EE586 /* Extensions.swift */; };
		9665FC36222DC6C7003EE586 /* AppsPageHeader.swift in Sources */ = {isa = PBXBuildFile; fileRef = 9665FC35222DC6C7003EE586 /* AppsPageHeader.swift */; };
		9665FC38222DDDD3003EE586 /* AppsHeaderHorizontalController.swift in Sources */ = {isa = PBXBuildFile; fileRef = 9665FC37222DDDD3003EE586 /* AppsHeaderHorizontalController.swift */; };
		9665FC3A222DDFD0003EE586 /* AppsHeaderCell.swift in Sources */ = {isa = PBXBuildFile; fileRef = 9665FC39222DDFD0003EE586 /* AppsHeaderCell.swift */; };
		9665FC3C222DFAE5003EE586 /* AppGroup.swift in Sources */ = {isa = PBXBuildFile; fileRef = 9665FC3B222DFAE5003EE586 /* AppGroup.swift */; };
/* End PBXBuildFile section */

/* Begin PBXFileReference section */
		5368CC62045761B5067559B2 /* Pods-App-Store-Mockup.debug.xcconfig */ = {isa = PBXFileReference; includeInIndex = 1; lastKnownFileType = text.xcconfig; name = "Pods-App-Store-Mockup.debug.xcconfig"; path = "Target Support Files/Pods-App-Store-Mockup/Pods-App-Store-Mockup.debug.xcconfig"; sourceTree = "<group>"; };
		5DB673478750B272C259C22F /* Pods_App_Store_Mockup.framework */ = {isa = PBXFileReference; explicitFileType = wrapper.framework; includeInIndex = 0; path = Pods_App_Store_Mockup.framework; sourceTree = BUILT_PRODUCTS_DIR; };
		9613FF7C222BD8C400E9E748 /* SearchResult.swift */ = {isa = PBXFileReference; lastKnownFileType = sourcecode.swift; path = SearchResult.swift; sourceTree = "<group>"; };
		9613FF7F222C8B8D00E9E748 /* Service.swift */ = {isa = PBXFileReference; lastKnownFileType = sourcecode.swift; path = Service.swift; sourceTree = "<group>"; };
		96258FCC222E2B97002951FE /* SocialApp.swift */ = {isa = PBXFileReference; lastKnownFileType = sourcecode.swift; path = SocialApp.swift; sourceTree = "<group>"; };
		96258FCE222E39DE002951FE /* HorizontalSnappingController.swift */ = {isa = PBXFileReference; lastKnownFileType = sourcecode.swift; path = HorizontalSnappingController.swift; sourceTree = "<group>"; };
		96258FD0222E3D2E002951FE /* BetterSnappingLayout.swift */ = {isa = PBXFileReference; lastKnownFileType = sourcecode.swift; path = BetterSnappingLayout.swift; sourceTree = "<group>"; };
		962A884A222B9439002599B6 /* App-Store-Mockup.app */ = {isa = PBXFileReference; explicitFileType = wrapper.application; includeInIndex = 0; path = "App-Store-Mockup.app"; sourceTree = BUILT_PRODUCTS_DIR; };
		962A884D222B9439002599B6 /* AppDelegate.swift */ = {isa = PBXFileReference; lastKnownFileType = sourcecode.swift; path = AppDelegate.swift; sourceTree = "<group>"; };
		962A884F222B9439002599B6 /* ViewController.swift */ = {isa = PBXFileReference; lastKnownFileType = sourcecode.swift; path = ViewController.swift; sourceTree = "<group>"; };
		962A8852222B9439002599B6 /* Base */ = {isa = PBXFileReference; lastKnownFileType = file.storyboard; name = Base; path = Base.lproj/Main.storyboard; sourceTree = "<group>"; };
		962A8854222B943A002599B6 /* Assets.xcassets */ = {isa = PBXFileReference; lastKnownFileType = folder.assetcatalog; path = Assets.xcassets; sourceTree = "<group>"; };
		962A8857222B943A002599B6 /* Base */ = {isa = PBXFileReference; lastKnownFileType = file.storyboard; name = Base; path = Base.lproj/LaunchScreen.storyboard; sourceTree = "<group>"; };
		962A8859222B943A002599B6 /* Info.plist */ = {isa = PBXFileReference; lastKnownFileType = text.plist.xml; path = Info.plist; sourceTree = "<group>"; };
		962A885F222B950D002599B6 /* BaseTabBarController.swift */ = {isa = PBXFileReference; lastKnownFileType = sourcecode.swift; path = BaseTabBarController.swift; sourceTree = "<group>"; };
		962A8862222B9DA2002599B6 /* AppsSearchController.swift */ = {isa = PBXFileReference; lastKnownFileType = sourcecode.swift; path = AppsSearchController.swift; sourceTree = "<group>"; };
		962A8865222BA0B5002599B6 /* SearchResultCell.swift */ = {isa = PBXFileReference; lastKnownFileType = sourcecode.swift; path = SearchResultCell.swift; sourceTree = "<group>"; };
		962A8868222BB2AE002599B6 /* UIView+Layout.swift */ = {isa = PBXFileReference; fileEncoding = 4; lastKnownFileType = sourcecode.swift; path = "UIView+Layout.swift"; sourceTree = "<group>"; };
		962A886A222BB709002599B6 /* VerticalStackView.swift */ = {isa = PBXFileReference; lastKnownFileType = sourcecode.swift; path = VerticalStackView.swift; sourceTree = "<group>"; };
		9665FC26222DAFE7003EE586 /* AppsPageController.swift */ = {isa = PBXFileReference; lastKnownFileType = sourcecode.swift; path = AppsPageController.swift; sourceTree = "<group>"; };
		9665FC28222DB0D1003EE586 /* BaseListController.swift */ = {isa = PBXFileReference; lastKnownFileType = sourcecode.swift; path = BaseListController.swift; sourceTree = "<group>"; };
		9665FC2D222DB286003EE586 /* AppsGroupCell.swift */ = {isa = PBXFileReference; lastKnownFileType = sourcecode.swift; path = AppsGroupCell.swift; sourceTree = "<group>"; };
		9665FC2F222DB4A9003EE586 /* AppsHorizontalController.swift */ = {isa = PBXFileReference; lastKnownFileType = sourcecode.swift; path = AppsHorizontalController.swift; sourceTree = "<group>"; };
		9665FC31222DBD43003EE586 /* AppRowCell.swift */ = {isa = PBXFileReference; lastKnownFileType = sourcecode.swift; path = AppRowCell.swift; sourceTree = "<group>"; };
		9665FC33222DBE5F003EE586 /* Extensions.swift */ = {isa = PBXFileReference; lastKnownFileType = sourcecode.swift; path = Extensions.swift; sourceTree = "<group>"; };
		9665FC35222DC6C7003EE586 /* AppsPageHeader.swift */ = {isa = PBXFileReference; lastKnownFileType = sourcecode.swift; path = AppsPageHeader.swift; sourceTree = "<group>"; };
		9665FC37222DDDD3003EE586 /* AppsHeaderHorizontalController.swift */ = {isa = PBXFileReference; lastKnownFileType = sourcecode.swift; path = AppsHeaderHorizontalController.swift; sourceTree = "<group>"; };
		9665FC39222DDFD0003EE586 /* AppsHeaderCell.swift */ = {isa = PBXFileReference; lastKnownFileType = sourcecode.swift; path = AppsHeaderCell.swift; sourceTree = "<group>"; };
		9665FC3B222DFAE5003EE586 /* AppGroup.swift */ = {isa = PBXFileReference; lastKnownFileType = sourcecode.swift; path = AppGroup.swift; sourceTree = "<group>"; };
		FFEA584C0E133EE17A507822 /* Pods-App-Store-Mockup.release.xcconfig */ = {isa = PBXFileReference; includeInIndex = 1; lastKnownFileType = text.xcconfig; name = "Pods-App-Store-Mockup.release.xcconfig"; path = "Target Support Files/Pods-App-Store-Mockup/Pods-App-Store-Mockup.release.xcconfig"; sourceTree = "<group>"; };
/* End PBXFileReference section */

/* Begin PBXFrameworksBuildPhase section */
		962A8847222B9439002599B6 /* Frameworks */ = {
			isa = PBXFrameworksBuildPhase;
			buildActionMask = 2147483647;
			files = (
				57518EF0FCCBB81B298FB91F /* Pods_App_Store_Mockup.framework in Frameworks */,
			);
			runOnlyForDeploymentPostprocessing = 0;
		};
/* End PBXFrameworksBuildPhase section */

/* Begin PBXGroup section */
		3844848C9CD3BC63E71BDBCB /* Pods */ = {
			isa = PBXGroup;
			children = (
				5368CC62045761B5067559B2 /* Pods-App-Store-Mockup.debug.xcconfig */,
				FFEA584C0E133EE17A507822 /* Pods-App-Store-Mockup.release.xcconfig */,
			);
			path = Pods;
			sourceTree = "<group>";
		};
		45B0A1ED8D970DFD68CEB719 /* Frameworks */ = {
			isa = PBXGroup;
			children = (
				5DB673478750B272C259C22F /* Pods_App_Store_Mockup.framework */,
			);
			name = Frameworks;
			sourceTree = "<group>";
		};
		9613FF7B222BD8B000E9E748 /* Model */ = {
			isa = PBXGroup;
			children = (
				9613FF7C222BD8C400E9E748 /* SearchResult.swift */,
				9665FC3B222DFAE5003EE586 /* AppGroup.swift */,
				96258FCC222E2B97002951FE /* SocialApp.swift */,
			);
			path = Model;
			sourceTree = "<group>";
		};
		9613FF7E222C8B7C00E9E748 /* Service */ = {
			isa = PBXGroup;
			children = (
				9613FF7F222C8B8D00E9E748 /* Service.swift */,
			);
			path = Service;
			sourceTree = "<group>";
		};
		962A8841222B9439002599B6 = {
			isa = PBXGroup;
			children = (
				962A884C222B9439002599B6 /* App-Store-Mockup */,
				962A884B222B9439002599B6 /* Products */,
				3844848C9CD3BC63E71BDBCB /* Pods */,
				45B0A1ED8D970DFD68CEB719 /* Frameworks */,
			);
			sourceTree = "<group>";
		};
		962A884B222B9439002599B6 /* Products */ = {
			isa = PBXGroup;
			children = (
				962A884A222B9439002599B6 /* App-Store-Mockup.app */,
			);
			name = Products;
			sourceTree = "<group>";
		};
		962A884C222B9439002599B6 /* App-Store-Mockup */ = {
			isa = PBXGroup;
			children = (
				9613FF7E222C8B7C00E9E748 /* Service */,
				9613FF7B222BD8B000E9E748 /* Model */,
				962A8867222BB291002599B6 /* Helpers */,
				962A8864222BA094002599B6 /* Views */,
				962A8861222B9D72002599B6 /* Controller */,
				962A884D222B9439002599B6 /* AppDelegate.swift */,
				962A884F222B9439002599B6 /* ViewController.swift */,
				962A8851222B9439002599B6 /* Main.storyboard */,
				962A8854222B943A002599B6 /* Assets.xcassets */,
				962A8856222B943A002599B6 /* LaunchScreen.storyboard */,
				962A8859222B943A002599B6 /* Info.plist */,
			);
			path = "App-Store-Mockup";
			sourceTree = "<group>";
		};
		962A8861222B9D72002599B6 /* Controller */ = {
			isa = PBXGroup;
			children = (
				9665FC25222DAFD8003EE586 /* Apps */,
				9665FC2A222DB18B003EE586 /* Search */,
				962A885F222B950D002599B6 /* BaseTabBarController.swift */,
				9665FC28222DB0D1003EE586 /* BaseListController.swift */,
				96258FCE222E39DE002951FE /* HorizontalSnappingController.swift */,
			);
			path = Controller;
			sourceTree = "<group>";
		};
		962A8864222BA094002599B6 /* Views */ = {
			isa = PBXGroup;
			children = (
				9665FC2B222DB264003EE586 /* Apps */,
				9665FC2C222DB269003EE586 /* Search */,
			);
			path = Views;
			sourceTree = "<group>";
		};
		962A8867222BB291002599B6 /* Helpers */ = {
			isa = PBXGroup;
			children = (
				962A8868222BB2AE002599B6 /* UIView+Layout.swift */,
				962A886A222BB709002599B6 /* VerticalStackView.swift */,
				9665FC33222DBE5F003EE586 /* Extensions.swift */,
				96258FD0222E3D2E002951FE /* BetterSnappingLayout.swift */,
			);
			path = Helpers;
			sourceTree = "<group>";
		};
		9665FC25222DAFD8003EE586 /* Apps */ = {
			isa = PBXGroup;
			children = (
				9665FC26222DAFE7003EE586 /* AppsPageController.swift */,
				9665FC2F222DB4A9003EE586 /* AppsHorizontalController.swift */,
				9665FC37222DDDD3003EE586 /* AppsHeaderHorizontalController.swift */,
			);
			path = Apps;
			sourceTree = "<group>";
		};
		9665FC2A222DB18B003EE586 /* Search */ = {
			isa = PBXGroup;
			children = (
				962A8862222B9DA2002599B6 /* AppsSearchController.swift */,
			);
			path = Search;
			sourceTree = "<group>";
		};
		9665FC2B222DB264003EE586 /* Apps */ = {
			isa = PBXGroup;
			children = (
				9665FC2D222DB286003EE586 /* AppsGroupCell.swift */,
				9665FC31222DBD43003EE586 /* AppRowCell.swift */,
				9665FC35222DC6C7003EE586 /* AppsPageHeader.swift */,
				9665FC39222DDFD0003EE586 /* AppsHeaderCell.swift */,
			);
			path = Apps;
			sourceTree = "<group>";
		};
		9665FC2C222DB269003EE586 /* Search */ = {
			isa = PBXGroup;
			children = (
				962A8865222BA0B5002599B6 /* SearchResultCell.swift */,
			);
			path = Search;
			sourceTree = "<group>";
		};
/* End PBXGroup section */

/* Begin PBXNativeTarget section */
		962A8849222B9439002599B6 /* App-Store-Mockup */ = {
			isa = PBXNativeTarget;
			buildConfigurationList = 962A885C222B943A002599B6 /* Build configuration list for PBXNativeTarget "App-Store-Mockup" */;
			buildPhases = (
				674D152C66D8C46EE1020F4A /* [CP] Check Pods Manifest.lock */,
				962A8846222B9439002599B6 /* Sources */,
				962A8847222B9439002599B6 /* Frameworks */,
				962A8848222B9439002599B6 /* Resources */,
				F0980058D6A104308E8786D8 /* [CP] Embed Pods Frameworks */,
			);
			buildRules = (
			);
			dependencies = (
			);
			name = "App-Store-Mockup";
			productName = "App-Store-Mockup";
			productReference = 962A884A222B9439002599B6 /* App-Store-Mockup.app */;
			productType = "com.apple.product-type.application";
		};
/* End PBXNativeTarget section */

/* Begin PBXProject section */
		962A8842222B9439002599B6 /* Project object */ = {
			isa = PBXProject;
			attributes = {
				LastSwiftUpdateCheck = 1010;
				LastUpgradeCheck = 1010;
				ORGANIZATIONNAME = "Xavier Castro";
				TargetAttributes = {
					962A8849222B9439002599B6 = {
						CreatedOnToolsVersion = 10.1;
					};
				};
			};
			buildConfigurationList = 962A8845222B9439002599B6 /* Build configuration list for PBXProject "App-Store-Mockup" */;
			compatibilityVersion = "Xcode 9.3";
			developmentRegion = en;
			hasScannedForEncodings = 0;
			knownRegions = (
				en,
				Base,
			);
			mainGroup = 962A8841222B9439002599B6;
			productRefGroup = 962A884B222B9439002599B6 /* Products */;
			projectDirPath = "";
			projectRoot = "";
			targets = (
				962A8849222B9439002599B6 /* App-Store-Mockup */,
			);
		};
/* End PBXProject section */

/* Begin PBXResourcesBuildPhase section */
		962A8848222B9439002599B6 /* Resources */ = {
			isa = PBXResourcesBuildPhase;
			buildActionMask = 2147483647;
			files = (
				962A8858222B943A002599B6 /* LaunchScreen.storyboard in Resources */,
				962A8855222B943A002599B6 /* Assets.xcassets in Resources */,
				962A8853222B9439002599B6 /* Main.storyboard in Resources */,
			);
			runOnlyForDeploymentPostprocessing = 0;
		};
/* End PBXResourcesBuildPhase section */

/* Begin PBXShellScriptBuildPhase section */
		674D152C66D8C46EE1020F4A /* [CP] Check Pods Manifest.lock */ = {
			isa = PBXShellScriptBuildPhase;
			buildActionMask = 2147483647;
			files = (
			);
			inputFileListPaths = (
			);
			inputPaths = (
				"${PODS_PODFILE_DIR_PATH}/Podfile.lock",
				"${PODS_ROOT}/Manifest.lock",
			);
			name = "[CP] Check Pods Manifest.lock";
			outputFileListPaths = (
			);
			outputPaths = (
				"$(DERIVED_FILE_DIR)/Pods-App-Store-Mockup-checkManifestLockResult.txt",
			);
			runOnlyForDeploymentPostprocessing = 0;
			shellPath = /bin/sh;
			shellScript = "diff \"${PODS_PODFILE_DIR_PATH}/Podfile.lock\" \"${PODS_ROOT}/Manifest.lock\" > /dev/null\nif [ $? != 0 ] ; then\n    # print error to STDERR\n    echo \"error: The sandbox is not in sync with the Podfile.lock. Run 'pod install' or update your CocoaPods installation.\" >&2\n    exit 1\nfi\n# This output is used by Xcode 'outputs' to avoid re-running this script phase.\necho \"SUCCESS\" > \"${SCRIPT_OUTPUT_FILE_0}\"\n";
			showEnvVarsInLog = 0;
		};
		F0980058D6A104308E8786D8 /* [CP] Embed Pods Frameworks */ = {
			isa = PBXShellScriptBuildPhase;
			buildActionMask = 2147483647;
			files = (
			);
			inputFileListPaths = (
			);
			inputPaths = (
				"${PODS_ROOT}/Target Support Files/Pods-App-Store-Mockup/Pods-App-Store-Mockup-frameworks.sh",
				"${BUILT_PRODUCTS_DIR}/SDWebImage/SDWebImage.framework",
			);
			name = "[CP] Embed Pods Frameworks";
			outputFileListPaths = (
			);
			outputPaths = (
				"${TARGET_BUILD_DIR}/${FRAMEWORKS_FOLDER_PATH}/SDWebImage.framework",
			);
			runOnlyForDeploymentPostprocessing = 0;
			shellPath = /bin/sh;
			shellScript = "\"${PODS_ROOT}/Target Support Files/Pods-App-Store-Mockup/Pods-App-Store-Mockup-frameworks.sh\"\n";
			showEnvVarsInLog = 0;
		};
/* End PBXShellScriptBuildPhase section */

/* Begin PBXSourcesBuildPhase section */
		962A8846222B9439002599B6 /* Sources */ = {
			isa = PBXSourcesBuildPhase;
			buildActionMask = 2147483647;
			files = (
				962A8850222B9439002599B6 /* ViewController.swift in Sources */,
				96258FD1222E3D2E002951FE /* BetterSnappingLayout.swift in Sources */,
				962A884E222B9439002599B6 /* AppDelegate.swift in Sources */,
				96258FCD222E2B97002951FE /* SocialApp.swift in Sources */,
				9613FF7D222BD8C400E9E748 /* SearchResult.swift in Sources */,
				9665FC3C222DFAE5003EE586 /* AppGroup.swift in Sources */,
				9665FC27222DAFE7003EE586 /* AppsPageController.swift in Sources */,
				9665FC3A222DDFD0003EE586 /* AppsHeaderCell.swift in Sources */,
				962A8869222BB2AE002599B6 /* UIView+Layout.swift in Sources */,
				9665FC29222DB0D1003EE586 /* BaseListController.swift in Sources */,
				9665FC32222DBD43003EE586 /* AppRowCell.swift in Sources */,
				962A8860222B950D002599B6 /* BaseTabBarController.swift in Sources */,
				9665FC2E222DB286003EE586 /* AppsGroupCell.swift in Sources */,
				9665FC36222DC6C7003EE586 /* AppsPageHeader.swift in Sources */,
				9613FF80222C8B8D00E9E748 /* Service.swift in Sources */,
				9665FC34222DBE5F003EE586 /* Extensions.swift in Sources */,
				962A8863222B9DA2002599B6 /* AppsSearchController.swift in Sources */,
				962A8866222BA0B5002599B6 /* SearchResultCell.swift in Sources */,
				96258FCF222E39DE002951FE /* HorizontalSnappingController.swift in Sources */,
				9665FC30222DB4A9003EE586 /* AppsHorizontalController.swift in Sources */,
				962A886B222BB709002599B6 /* VerticalStackView.swift in Sources */,
				9665FC38222DDDD3003EE586 /* AppsHeaderHorizontalController.swift in Sources */,
			);
			runOnlyForDeploymentPostprocessing = 0;
		};
/* End PBXSourcesBuildPhase section */

/* Begin PBXVariantGroup section */
		962A8851222B9439002599B6 /* Main.storyboard */ = {
			isa = PBXVariantGroup;
			children = (
				962A8852222B9439002599B6 /* Base */,
			);
			name = Main.storyboard;
			sourceTree = "<group>";
		};
		962A8856222B943A002599B6 /* LaunchScreen.storyboard */ = {
			isa = PBXVariantGroup;
			children = (
				962A8857222B943A002599B6 /* Base */,
			);
			name = LaunchScreen.storyboard;
			sourceTree = "<group>";
		};
/* End PBXVariantGroup section */

/* Begin XCBuildConfiguration section */
		962A885A222B943A002599B6 /* Debug */ = {
			isa = XCBuildConfiguration;
			buildSettings = {
				ALWAYS_SEARCH_USER_PATHS = NO;
				CLANG_ANALYZER_NONNULL = YES;
				CLANG_ANALYZER_NUMBER_OBJECT_CONVERSION = YES_AGGRESSIVE;
				CLANG_CXX_LANGUAGE_STANDARD = "gnu++14";
				CLANG_CXX_LIBRARY = "libc++";
				CLANG_ENABLE_MODULES = YES;
				CLANG_ENABLE_OBJC_ARC = YES;
				CLANG_ENABLE_OBJC_WEAK = YES;
				CLANG_WARN_BLOCK_CAPTURE_AUTORELEASING = YES;
				CLANG_WARN_BOOL_CONVERSION = YES;
				CLANG_WARN_COMMA = YES;
				CLANG_WARN_CONSTANT_CONVERSION = YES;
				CLANG_WARN_DEPRECATED_OBJC_IMPLEMENTATIONS = YES;
				CLANG_WARN_DIRECT_OBJC_ISA_USAGE = YES_ERROR;
				CLANG_WARN_DOCUMENTATION_COMMENTS = YES;
				CLANG_WARN_EMPTY_BODY = YES;
				CLANG_WARN_ENUM_CONVERSION = YES;
				CLANG_WARN_INFINITE_RECURSION = YES;
				CLANG_WARN_INT_CONVERSION = YES;
				CLANG_WARN_NON_LITERAL_NULL_CONVERSION = YES;
				CLANG_WARN_OBJC_IMPLICIT_RETAIN_SELF = YES;
				CLANG_WARN_OBJC_LITERAL_CONVERSION = YES;
				CLANG_WARN_OBJC_ROOT_CLASS = YES_ERROR;
				CLANG_WARN_RANGE_LOOP_ANALYSIS = YES;
				CLANG_WARN_STRICT_PROTOTYPES = YES;
				CLANG_WARN_SUSPICIOUS_MOVE = YES;
				CLANG_WARN_UNGUARDED_AVAILABILITY = YES_AGGRESSIVE;
				CLANG_WARN_UNREACHABLE_CODE = YES;
				CLANG_WARN__DUPLICATE_METHOD_MATCH = YES;
				CODE_SIGN_IDENTITY = "iPhone Developer";
				COPY_PHASE_STRIP = NO;
				DEBUG_INFORMATION_FORMAT = dwarf;
				ENABLE_STRICT_OBJC_MSGSEND = YES;
				ENABLE_TESTABILITY = YES;
				GCC_C_LANGUAGE_STANDARD = gnu11;
				GCC_DYNAMIC_NO_PIC = NO;
				GCC_NO_COMMON_BLOCKS = YES;
				GCC_OPTIMIZATION_LEVEL = 0;
				GCC_PREPROCESSOR_DEFINITIONS = (
					"DEBUG=1",
					"$(inherited)",
				);
				GCC_WARN_64_TO_32_BIT_CONVERSION = YES;
				GCC_WARN_ABOUT_RETURN_TYPE = YES_ERROR;
				GCC_WARN_UNDECLARED_SELECTOR = YES;
				GCC_WARN_UNINITIALIZED_AUTOS = YES_AGGRESSIVE;
				GCC_WARN_UNUSED_FUNCTION = YES;
				GCC_WARN_UNUSED_VARIABLE = YES;
				IPHONEOS_DEPLOYMENT_TARGET = 12.1;
				MTL_ENABLE_DEBUG_INFO = INCLUDE_SOURCE;
				MTL_FAST_MATH = YES;
				ONLY_ACTIVE_ARCH = YES;
				SDKROOT = iphoneos;
				SWIFT_ACTIVE_COMPILATION_CONDITIONS = DEBUG;
				SWIFT_OPTIMIZATION_LEVEL = "-Onone";
			};
			name = Debug;
		};
		962A885B222B943A002599B6 /* Release */ = {
			isa = XCBuildConfiguration;
			buildSettings = {
				ALWAYS_SEARCH_USER_PATHS = NO;
				CLANG_ANALYZER_NONNULL = YES;
				CLANG_ANALYZER_NUMBER_OBJECT_CONVERSION = YES_AGGRESSIVE;
				CLANG_CXX_LANGUAGE_STANDARD = "gnu++14";
				CLANG_CXX_LIBRARY = "libc++";
				CLANG_ENABLE_MODULES = YES;
				CLANG_ENABLE_OBJC_ARC = YES;
				CLANG_ENABLE_OBJC_WEAK = YES;
				CLANG_WARN_BLOCK_CAPTURE_AUTORELEASING = YES;
				CLANG_WARN_BOOL_CONVERSION = YES;
				CLANG_WARN_COMMA = YES;
				CLANG_WARN_CONSTANT_CONVERSION = YES;
				CLANG_WARN_DEPRECATED_OBJC_IMPLEMENTATIONS = YES;
				CLANG_WARN_DIRECT_OBJC_ISA_USAGE = YES_ERROR;
				CLANG_WARN_DOCUMENTATION_COMMENTS = YES;
				CLANG_WARN_EMPTY_BODY = YES;
				CLANG_WARN_ENUM_CONVERSION = YES;
				CLANG_WARN_INFINITE_RECURSION = YES;
				CLANG_WARN_INT_CONVERSION = YES;
				CLANG_WARN_NON_LITERAL_NULL_CONVERSION = YES;
				CLANG_WARN_OBJC_IMPLICIT_RETAIN_SELF = YES;
				CLANG_WARN_OBJC_LITERAL_CONVERSION = YES;
				CLANG_WARN_OBJC_ROOT_CLASS = YES_ERROR;
				CLANG_WARN_RANGE_LOOP_ANALYSIS = YES;
				CLANG_WARN_STRICT_PROTOTYPES = YES;
				CLANG_WARN_SUSPICIOUS_MOVE = YES;
				CLANG_WARN_UNGUARDED_AVAILABILITY = YES_AGGRESSIVE;
				CLANG_WARN_UNREACHABLE_CODE = YES;
				CLANG_WARN__DUPLICATE_METHOD_MATCH = YES;
				CODE_SIGN_IDENTITY = "iPhone Developer";
				COPY_PHASE_STRIP = NO;
				DEBUG_INFORMATION_FORMAT = "dwarf-with-dsym";
				ENABLE_NS_ASSERTIONS = NO;
				ENABLE_STRICT_OBJC_MSGSEND = YES;
				GCC_C_LANGUAGE_STANDARD = gnu11;
				GCC_NO_COMMON_BLOCKS = YES;
				GCC_WARN_64_TO_32_BIT_CONVERSION = YES;
				GCC_WARN_ABOUT_RETURN_TYPE = YES_ERROR;
				GCC_WARN_UNDECLARED_SELECTOR = YES;
				GCC_WARN_UNINITIALIZED_AUTOS = YES_AGGRESSIVE;
				GCC_WARN_UNUSED_FUNCTION = YES;
				GCC_WARN_UNUSED_VARIABLE = YES;
				IPHONEOS_DEPLOYMENT_TARGET = 12.1;
				MTL_ENABLE_DEBUG_INFO = NO;
				MTL_FAST_MATH = YES;
				SDKROOT = iphoneos;
				SWIFT_COMPILATION_MODE = wholemodule;
				SWIFT_OPTIMIZATION_LEVEL = "-O";
				VALIDATE_PRODUCT = YES;
			};
			name = Release;
		};
		962A885D222B943A002599B6 /* Debug */ = {
			isa = XCBuildConfiguration;
			baseConfigurationReference = 5368CC62045761B5067559B2 /* Pods-App-Store-Mockup.debug.xcconfig */;
			buildSettings = {
				ASSETCATALOG_COMPILER_APPICON_NAME = AppIcon;
				CODE_SIGN_STYLE = Automatic;
				DEVELOPMENT_TEAM = 496JHHWR6R;
				INFOPLIST_FILE = "App-Store-Mockup/Info.plist";
				LD_RUNPATH_SEARCH_PATHS = (
					"$(inherited)",
					"@executable_path/Frameworks",
				);
				PRODUCT_BUNDLE_IDENTIFIER = "me.xaviercastro.App-Store-Mockup";
				PRODUCT_NAME = "$(TARGET_NAME)";
				SWIFT_VERSION = 4.2;
				TARGETED_DEVICE_FAMILY = "1,2";
			};
			name = Debug;
		};
		962A885E222B943A002599B6 /* Release */ = {
			isa = XCBuildConfiguration;
			baseConfigurationReference = FFEA584C0E133EE17A507822 /* Pods-App-Store-Mockup.release.xcconfig */;
			buildSettings = {
				ASSETCATALOG_COMPILER_APPICON_NAME = AppIcon;
				CODE_SIGN_STYLE = Automatic;
				DEVELOPMENT_TEAM = 496JHHWR6R;
				INFOPLIST_FILE = "App-Store-Mockup/Info.plist";
				LD_RUNPATH_SEARCH_PATHS = (
					"$(inherited)",
					"@executable_path/Frameworks",
				);
				PRODUCT_BUNDLE_IDENTIFIER = "me.xaviercastro.App-Store-Mockup";
				PRODUCT_NAME = "$(TARGET_NAME)";
				SWIFT_VERSION = 4.2;
				TARGETED_DEVICE_FAMILY = "1,2";
			};
			name = Release;
		};
/* End XCBuildConfiguration section */

/* Begin XCConfigurationList section */
		962A8845222B9439002599B6 /* Build configuration list for PBXProject "App-Store-Mockup" */ = {
			isa = XCConfigurationList;
			buildConfigurations = (
				962A885A222B943A002599B6 /* Debug */,
				962A885B222B943A002599B6 /* Release */,
			);
			defaultConfigurationIsVisible = 0;
			defaultConfigurationName = Release;
		};
		962A885C222B943A002599B6 /* Build configuration list for PBXNativeTarget "App-Store-Mockup" */ = {
			isa = XCConfigurationList;
			buildConfigurations = (
				962A885D222B943A002599B6 /* Debug */,
				962A885E222B943A002599B6 /* Release */,
			);
			defaultConfigurationIsVisible = 0;
			defaultConfigurationName = Release;
		};
/* End XCConfigurationList section */
	};
	rootObject = 962A8842222B9439002599B6 /* Project object */;
}
